
Microsoft Visual Studio Solution File, Format Version 12.00
# Visual Studio 2013
VisualStudioVersion = 12.0.21005.1
MinimumVisualStudioVersion = 10.0.40219.1
Project("{FAE04EC0-301F-11D3-BF4B-00C04F79EFBC}") = "Balda", "Balda\Balda.csproj", "{2E510B4B-A4CE-44CA-B545-6EA945FC84FD}"
	ProjectSection(ProjectDependencies) = postProject
		{CEBAB251-D0C7-4244-8DF1-9E7DD4B08A66} = {CEBAB251-D0C7-4244-8DF1-9E7DD4B08A66}
	EndProjectSection
EndProject
Project("{FAE04EC0-301F-11D3-BF4B-00C04F79EFBC}") = "WcfService", "WcfService\WcfService.csproj", "{CEBAB251-D0C7-4244-8DF1-9E7DD4B08A66}"
EndProject
Global
	GlobalSection(SolutionConfigurationPlatforms) = preSolution
		Debug|Any CPU = Debug|Any CPU
		Debug|ARM = Debug|ARM
		Debug|x86 = Debug|x86
		Release|Any CPU = Release|Any CPU
		Release|ARM = Release|ARM
		Release|x86 = Release|x86
	EndGlobalSection
	GlobalSection(ProjectConfigurationPlatforms) = postSolution
		{2E510B4B-A4CE-44CA-B545-6EA945FC84FD}.Debug|Any CPU.ActiveCfg = Debug|Any CPU
		{2E510B4B-A4CE-44CA-B545-6EA945FC84FD}.Debug|Any CPU.Build.0 = Debug|Any CPU
		{2E510B4B-A4CE-44CA-B545-6EA945FC84FD}.Debug|Any CPU.Deploy.0 = Debug|Any CPU
		{2E510B4B-A4CE-44CA-B545-6EA945FC84FD}.Debug|ARM.ActiveCfg = Debug|ARM
		{2E510B4B-A4CE-44CA-B545-6EA945FC84FD}.Debug|ARM.Build.0 = Debug|ARM
		{2E510B4B-A4CE-44CA-B545-6EA945FC84FD}.Debug|ARM.Deploy.0 = Debug|ARM
		{2E510B4B-A4CE-44CA-B545-6EA945FC84FD}.Debug|x86.ActiveCfg = Debug|x86
		{2E510B4B-A4CE-44CA-B545-6EA945FC84FD}.Debug|x86.Build.0 = Debug|x86
		{2E510B4B-A4CE-44CA-B545-6EA945FC84FD}.Debug|x86.Deploy.0 = Debug|x86
		{2E510B4B-A4CE-44CA-B545-6EA945FC84FD}.Release|Any CPU.ActiveCfg = Release|Any CPU
		{2E510B4B-A4CE-44CA-B545-6EA945FC84FD}.Release|Any CPU.Build.0 = Release|Any CPU
		{2E510B4B-A4CE-44CA-B545-6EA945FC84FD}.Release|Any CPU.Deploy.0 = Release|Any CPU
		{2E510B4B-A4CE-44CA-B545-6EA945FC84FD}.Release|ARM.ActiveCfg = Release|ARM
		{2E510B4B-A4CE-44CA-B545-6EA945FC84FD}.Release|ARM.Build.0 = Release|ARM
		{2E510B4B-A4CE-44CA-B545-6EA945FC84FD}.Release|ARM.Deploy.0 = Release|ARM
		{2E510B4B-A4CE-44CA-B545-6EA945FC84FD}.Release|x86.ActiveCfg = Release|x86
		{2E510B4B-A4CE-44CA-B545-6EA945FC84FD}.Release|x86.Build.0 = Release|x86
		{2E510B4B-A4CE-44CA-B545-6EA945FC84FD}.Release|x86.Deploy.0 = Release|x86
		{CEBAB251-D0C7-4244-8DF1-9E7DD4B08A66}.Debug|Any CPU.ActiveCfg = Debug|Any CPU
		{CEBAB251-D0C7-4244-8DF1-9E7DD4B08A66}.Debug|Any CPU.Build.0 = Debug|Any CPU
		{CEBAB251-D0C7-4244-8DF1-9E7DD4B08A66}.Debug|ARM.ActiveCfg = Debug|Any CPU
		{CEBAB251-D0C7-4244-8DF1-9E7DD4B08A66}.Debug|x86.ActiveCfg = Debug|Any CPU
		{CEBAB251-D0C7-4244-8DF1-9E7DD4B08A66}.Release|Any CPU.ActiveCfg = Release|Any CPU
		{CEBAB251-D0C7-4244-8DF1-9E7DD4B08A66}.Release|Any CPU.Build.0 = Release|Any CPU
		{CEBAB251-D0C7-4244-8DF1-9E7DD4B08A66}.Release|ARM.ActiveCfg = Release|Any CPU
		{CEBAB251-D0C7-4244-8DF1-9E7DD4B08A66}.Release|x86.ActiveCfg = Release|Any CPU
	EndGlobalSection
	GlobalSection(SolutionProperties) = preSolution
		HideSolutionNode = FALSE
	EndGlobalSection
EndGlobal
